
Microsoft Visual Studio Solution File, Format Version 12.00
# Visual Studio 15
VisualStudioVersion = 15.0.27703.2000
MinimumVisualStudioVersion = 10.0.40219.1
Project("{9A19103F-16F7-4668-BE54-9A1E7A4F7556}") = "MyApp.Web", "Posiljka.Web\MyApp.Web.csproj", "{64397087-D827-4927-9589-883240DE6F03}"
EndProject
Project("{9A19103F-16F7-4668-BE54-9A1E7A4F7556}") = "MyApp", "Posiljka.Data\MyApp.csproj", "{A6D57E62-E89B-45DF-8FEC-3EA4D73062C9}"
EndProject
Global
	GlobalSection(SolutionConfigurationPlatforms) = preSolution
		Debug|Any CPU = Debug|Any CPU
		Release|Any CPU = Release|Any CPU
	EndGlobalSection
	GlobalSection(ProjectConfigurationPlatforms) = postSolution
		{64397087-D827-4927-9589-883240DE6F03}.Debug|Any CPU.ActiveCfg = Debug|Any CPU
		{64397087-D827-4927-9589-883240DE6F03}.Debug|Any CPU.Build.0 = Debug|Any CPU
		{64397087-D827-4927-9589-883240DE6F03}.Release|Any CPU.ActiveCfg = Release|Any CPU
		{64397087-D827-4927-9589-883240DE6F03}.Release|Any CPU.Build.0 = Release|Any CPU
		{A6D57E62-E89B-45DF-8FEC-3EA4D73062C9}.Debug|Any CPU.ActiveCfg = Debug|Any CPU
		{A6D57E62-E89B-45DF-8FEC-3EA4D73062C9}.Debug|Any CPU.Build.0 = Debug|Any CPU
		{A6D57E62-E89B-45DF-8FEC-3EA4D73062C9}.Release|Any CPU.ActiveCfg = Release|Any CPU
		{A6D57E62-E89B-45DF-8FEC-3EA4D73062C9}.Release|Any CPU.Build.0 = Release|Any CPU
	EndGlobalSection
	GlobalSection(SolutionProperties) = preSolution
		HideSolutionNode = FALSE
	EndGlobalSection
	GlobalSection(ExtensibilityGlobals) = postSolution
		SolutionGuid = {4F446395-E2B4-4EB2-9E5C-F93FFCD894E7}
	EndGlobalSection
EndGlobal
